<?xml version="1.0" encoding="utf-8"?>
<Project ToolsVersion="4.0" xmlns="http://schemas.microsoft.com/developer/msbuild/2003">
  <ItemGroup>
    <Filter Include="Code">
      <UniqueIdentifier>{cfc06cca-7ae6-44c0-9e54-63194da581da}</UniqueIdentifier>
    </Filter>
    <Filter Include="Code\ECS">
      <UniqueIdentifier>{28fc1c2b-9028-4bdd-a26a-6715b9fe0750}</UniqueIdentifier>
    </Filter>
  </ItemGroup>
  <ItemGroup>
    <ClInclude Include="Code\Component\Comp_Texture.h" />
    <ClInclude Include="Code\Component\Comp_Position.h" />
    <ClInclude Include="Code\System\Render\TextureFunc.h" />
    <ClInclude Include="Code\System\Render\Renderer_Sprite.h" />
    <ClInclude Include="Code\Game.h" />
    <ClInclude Include="Code\ECS\ComponentArray.h" />
    <ClInclude Include="Code\ECS\ComponentManager.h" />
    <ClInclude Include="Code\ECS\Coordinator.h" />
    <ClInclude Include="Code\ECS\ECS.h" />
    <ClInclude Include="Code\ECS\EntityManager.h" />
    <ClInclude Include="Code\ECS\SystemManager.h" />
    <ClInclude Include="Code\ECS\System.h" />
    <ClInclude Include="Code\Math\Matrix.h" />
    <ClInclude Include="Code\Component\Comp_TileMap.h" />
    <ClInclude Include="Code\System\Render\Renderer_TileMap.h" />
    <ClInclude Include="Code\System\KeyInput\KeyboardInput.h" />
    <ClInclude Include="Code\Component\Comp_InputKeys.h" />
    <ClInclude Include="Code\Component\Is_Player.h" />
    <ClInclude Include="Code\Component\Comp_Movement.h" />
    <ClInclude Include="Code\Component\Comp_Affiliation.h" />
    <ClInclude Include="Code\Math\Vector2D.h" />
    <ClInclude Include="Code\System\Movement\MovementPlayer_decision.h" />
    <ClInclude Include="Code\Component\Comp_DirectionDecision.h" />
    <ClInclude Include="Code\System\Movement\MovementPlayer.h" />
    <ClInclude Include="Code\System\Dungeon\Dungeon.h" />
    <ClInclude Include="Code\Component\Comp_FaceDirection.h" />
    <ClInclude Include="Code\System\Movement\DirectionPlayer.h" />
    <ClInclude Include="Code\System\Movement\MovementObject.h" />
    <ClInclude Include="Code\Component\Is_Object.h" />
    <ClInclude Include="Code\System\Render\Camera.h" />
    <ClInclude Include="Code\System\Collision\Collision.h" />
    <ClInclude Include="Code\System\Collision\Geometry\Circle.h" />
    <ClInclude Include="Code\System\Collision\Geometry\Geometry.h" />
    <ClInclude Include="Code\Component\Comp_Hitbox.h" />
    <ClInclude Include="Code\System\Collision\Geometry\Rectangle.h" />
    <ClInclude Include="Code\Component\Is_Collision.h" />
    <ClInclude Include="Code\System\Collision\CollisionSystem.h" />
    <ClInclude Include="Code\System\Collision\Geometry\Line.h" />
    <ClInclude Include="Code\Math\GeneralMathStuff.h" />
    <ClInclude Include="Code\System\Collision\Geometry\Circle_Sector.h" />
    <ClInclude Include="Code\System\Render\Renderer_Light.h" />
    <ClInclude Include="Code\Component\Is_Light.h" />
    <ClInclude Include="Code\Misc\MiscFunctions.h" />
    <ClInclude Include="Code\Component\Comp_TextureLight.h" />
    <ClInclude Include="Code\Component\Comp_AttachedTo.h" />
    <ClInclude Include="Code\System\Movement\MovementObject_attached.h" />
    <ClInclude Include="Code\System\PlayerAction\PlayerAction.h" />
    <ClInclude Include="Code\System\PlayerAction\Action\Action.h" />
    <ClInclude Include="Code\Component\Comp_ObjectData.h" />
    <ClInclude Include="Code\System\PlayerAction\Action\Action_PickUpObjekt.h" />
    <ClInclude Include="Code\Component\Comp_PlayerData.h" />
    <ClInclude Include="Code\System\KeyInput\Mouse.h" />
    <ClInclude Include="Code\System\Collision\Geometry\Point.h" />
    <ClInclude Include="Code\System\Collision\Geometry\Rectangle_Rotatet.h" />
    <ClInclude Include="Code\System\Collision\Geometry\GeomLine.h" />
    <ClInclude Include="Code\System\Render\Renderer_Misc.h" />
    <ClInclude Include="Code\System\Text\textClass.h" />
    <ClInclude Include="Code\System\Render\Renderer_UI.h" />
    <ClInclude Include="Code\Component\Is_UI.h" />
    <ClInclude Include="Code\Component\Comp_TextureText.h" />
    <ClInclude Include="Code\Component\Comp_Text.h" />
  </ItemGroup>
  <ItemGroup>
    <ClCompile Include="Code\System\Render\TextureFunc.cpp" />
    <ClCompile Include="Code\System\Render\Renderer_Sprite.cpp" />
    <ClCompile Include="Code\Game.cpp" />
    <ClCompile Include="Code\GameInit.cpp" />
    <ClCompile Include="Code\Math\Matrix.cpp" />
    <ClCompile Include="Code\System\Render\Renderer_TileMap.cpp" />
    <ClCompile Include="Code\System\KeyInput\KeyboardInput.cpp" />
    <ClCompile Include="Code\System\Movement\MovementPlayer_decision.cpp" />
    <ClCompile Include="Code\System\Movement\MovementPlayer.cpp" />
    <ClCompile Include="Code\System\Dungeon\Dungeon.cpp" />
    <ClCompile Include="Code\System\Movement\DirectionPlayer.cpp" />
    <ClCompile Include="Code\System\Movement\MovementObject.cpp" />
    <ClCompile Include="Code\System\Render\Camera.cpp" />
    <ClCompile Include="Code\System\Collision\Geometry\Circle.cpp" />
    <ClCompile Include="Code\System\Collision\Geometry\Geometry.cpp" />
    <ClCompile Include="Code\System\Collision\Geometry\Rectangle.cpp" />
    <ClCompile Include="Code\System\Collision\CollisionSystem.cpp" />
    <ClCompile Include="Code\System\Collision\Geometry\Line.cpp" />
    <ClCompile Include="Code\Math\GeneralMathStuff.cpp" />
    <ClCompile Include="Code\System\Collision\Geometry\Circle_Sector.cpp" />
    <ClCompile Include="Code\System\Render\Renderer_Light.cpp" />
    <ClCompile Include="Code\System\Collision\Collision_check.cpp" />
    <ClCompile Include="Code\System\Collision\Collision_misc.cpp" />
    <ClCompile Include="Code\System\Collision\Collision_calc.cpp" />
    <ClCompile Include="Code\System\Collision\Collision_crossPoint.cpp" />
    <ClCompile Include="Code\System\Movement\MovementObject_attached.cpp" />
    <ClCompile Include="Code\Misc\MiscFunctions.cpp" />
    <ClCompile Include="Code\System\PlayerAction\PlayerAction.cpp" />
    <ClCompile Include="Code\System\PlayerAction\Action\Action_PickUpObjekt.cpp" />
    <ClCompile Include="Code\System\KeyInput\Mouse.cpp" />
    <ClCompile Include="Code\System\Collision\Geometry\Point.cpp" />
    <ClCompile Include="Code\System\Collision\Collision_arbitrary.cpp" />
    <ClCompile Include="Code\System\Collision\Geometry\Rectangle_Rotatet.cpp" />
    <ClCompile Include="Code\System\Collision\Geometry\GeomLine.cpp" />
    <ClCompile Include="Code\System\Render\Renderer_Misc.cpp" />
    <ClCompile Include="Code\System\Text\textClass.cpp" />
    <ClCompile Include="Code\System\Render\Renderer_UI.cpp" />
    <ClCompile Include="Code\main.cpp" />
  </ItemGroup>
  <ItemGroup>
    <Image Include="Picture\Drone.png" />
  </ItemGroup>
  <ItemGroup>
    <Text Include="Code\debugTipps.txt">
      <Filter>Code</Filter>
    </Text>
  </ItemGroup>
</Project>